
Microsoft Visual Studio Solution File, Format Version 12.00
# Visual Studio Version 17
VisualStudioVersion = 17.0.32112.339
MinimumVisualStudioVersion = 10.0.40219.1
Project("{9A19103F-16F7-4668-BE54-9A1E7A4F7556}") = "WordleAssist", "WordleAssist.csproj", "{4390AFEE-0744-4689-BC4A-207C06E588CB}"
EndProject
Project("{FAE04EC0-301F-11D3-BF4B-00C04F79EFBC}") = "WordleAssist.Test", "..\WordleAssist.Test\WordleAssist.Test.csproj", "{5149270B-38C9-4A48-A62F-9EC5901CF379}"
EndProject
Global
	GlobalSection(SolutionConfigurationPlatforms) = preSolution
		Debug|Any CPU = Debug|Any CPU
		Release|Any CPU = Release|Any CPU
	EndGlobalSection
	GlobalSection(ProjectConfigurationPlatforms) = postSolution
		{4390AFEE-0744-4689-BC4A-207C06E588CB}.Debug|Any CPU.ActiveCfg = Debug|Any CPU
		{4390AFEE-0744-4689-BC4A-207C06E588CB}.Debug|Any CPU.Build.0 = Debug|Any CPU
		{4390AFEE-0744-4689-BC4A-207C06E588CB}.Release|Any CPU.ActiveCfg = Release|Any CPU
		{4390AFEE-0744-4689-BC4A-207C06E588CB}.Release|Any CPU.Build.0 = Release|Any CPU
		{5149270B-38C9-4A48-A62F-9EC5901CF379}.Debug|Any CPU.ActiveCfg = Debug|Any CPU
		{5149270B-38C9-4A48-A62F-9EC5901CF379}.Debug|Any CPU.Build.0 = Debug|Any CPU
		{5149270B-38C9-4A48-A62F-9EC5901CF379}.Release|Any CPU.ActiveCfg = Release|Any CPU
		{5149270B-38C9-4A48-A62F-9EC5901CF379}.Release|Any CPU.Build.0 = Release|Any CPU
	EndGlobalSection
	GlobalSection(SolutionProperties) = preSolution
		HideSolutionNode = FALSE
	EndGlobalSection
	GlobalSection(ExtensibilityGlobals) = postSolution
		SolutionGuid = {12C040C4-4CDB-4E0B-817C-C599A80A260E}
	EndGlobalSection
EndGlobal
